// !$*UTF8*$!
{
	archiveVersion = 1;
	classes = {
	};
	objectVersion = 56;
	objects = {

/* Begin PBXBuildFile section */
		C606E9D52A7D0E0200D404E9 /* MonthWidget.swift in Sources */ = {isa = PBXBuildFile; fileRef = C606E9D42A7D0E0200D404E9 /* MonthWidget.swift */; };
		C606E9D72A7D0E2D00D404E9 /* CustomFont.swift in Sources */ = {isa = PBXBuildFile; fileRef = C606E9D62A7D0E2D00D404E9 /* CustomFont.swift */; };
		C606E9D82A7D0E2D00D404E9 /* CustomFont.swift in Sources */ = {isa = PBXBuildFile; fileRef = C606E9D62A7D0E2D00D404E9 /* CustomFont.swift */; };
		C606E9DF2A7D0EA100D404E9 /* Shabnam-Medium.ttf in Resources */ = {isa = PBXBuildFile; fileRef = C606E9DA2A7D0EA100D404E9 /* Shabnam-Medium.ttf */; };
		C606E9E02A7D0EA100D404E9 /* Shabnam-Medium.ttf in Resources */ = {isa = PBXBuildFile; fileRef = C606E9DA2A7D0EA100D404E9 /* Shabnam-Medium.ttf */; };
		C606E9E12A7D0EA100D404E9 /* Shabnam.ttf in Resources */ = {isa = PBXBuildFile; fileRef = C606E9DB2A7D0EA100D404E9 /* Shabnam.ttf */; };
		C606E9E22A7D0EA100D404E9 /* Shabnam.ttf in Resources */ = {isa = PBXBuildFile; fileRef = C606E9DB2A7D0EA100D404E9 /* Shabnam.ttf */; };
		C606E9E32A7D0EA100D404E9 /* Shabnam-Bold.ttf in Resources */ = {isa = PBXBuildFile; fileRef = C606E9DC2A7D0EA100D404E9 /* Shabnam-Bold.ttf */; };
		C606E9E42A7D0EA100D404E9 /* Shabnam-Bold.ttf in Resources */ = {isa = PBXBuildFile; fileRef = C606E9DC2A7D0EA100D404E9 /* Shabnam-Bold.ttf */; };
		C606E9E52A7D0EA100D404E9 /* Shabnam-Light.ttf in Resources */ = {isa = PBXBuildFile; fileRef = C606E9DD2A7D0EA100D404E9 /* Shabnam-Light.ttf */; };
		C606E9E62A7D0EA100D404E9 /* Shabnam-Light.ttf in Resources */ = {isa = PBXBuildFile; fileRef = C606E9DD2A7D0EA100D404E9 /* Shabnam-Light.ttf */; };
		C606E9E72A7D0EA100D404E9 /* Shabnam-Thin.ttf in Resources */ = {isa = PBXBuildFile; fileRef = C606E9DE2A7D0EA100D404E9 /* Shabnam-Thin.ttf */; };
		C606E9E82A7D0EA100D404E9 /* Shabnam-Thin.ttf in Resources */ = {isa = PBXBuildFile; fileRef = C606E9DE2A7D0EA100D404E9 /* Shabnam-Thin.ttf */; };
		C6167BD32A32491400AC66B4 /* JalaliCalendarApp.swift in Sources */ = {isa = PBXBuildFile; fileRef = C6167BD22A32491400AC66B4 /* JalaliCalendarApp.swift */; };
		C6167BD52A32491400AC66B4 /* HomeView.swift in Sources */ = {isa = PBXBuildFile; fileRef = C6167BD42A32491400AC66B4 /* HomeView.swift */; };
		C6167BE82A32494400AC66B4 /* WidgetKit.framework in Frameworks */ = {isa = PBXBuildFile; fileRef = C6167BE72A32494400AC66B4 /* WidgetKit.framework */; };
		C6167BEA2A32494400AC66B4 /* SwiftUI.framework in Frameworks */ = {isa = PBXBuildFile; fileRef = C6167BE92A32494400AC66B4 /* SwiftUI.framework */; };
		C6167BED2A32494400AC66B4 /* WidgetBundle.swift in Sources */ = {isa = PBXBuildFile; fileRef = C6167BEC2A32494400AC66B4 /* WidgetBundle.swift */; };
		C6167BEF2A32494400AC66B4 /* TodayWidget.swift in Sources */ = {isa = PBXBuildFile; fileRef = C6167BEE2A32494400AC66B4 /* TodayWidget.swift */; };
		C6167BF12A32494500AC66B4 /* Assets.xcassets in Resources */ = {isa = PBXBuildFile; fileRef = C6167BF02A32494500AC66B4 /* Assets.xcassets */; };
		C6167BF62A32494500AC66B4 /* JalaliCalendarWidget.appex in Embed Foundation Extensions */ = {isa = PBXBuildFile; fileRef = C6167BE52A32494400AC66B4 /* JalaliCalendarWidget.appex */; settings = {ATTRIBUTES = (RemoveHeadersOnCopy, ); }; };
		C64C60CE2A334BFC00004EC7 /* MonthView.swift in Sources */ = {isa = PBXBuildFile; fileRef = C64C60CC2A334BFC00004EC7 /* MonthView.swift */; };
		C64C60CF2A334BFC00004EC7 /* WeekView.swift in Sources */ = {isa = PBXBuildFile; fileRef = C64C60CD2A334BFC00004EC7 /* WeekView.swift */; };
		C64C60D62A334C0900004EC7 /* Array+Extensions.swift in Sources */ = {isa = PBXBuildFile; fileRef = C64C60D12A334C0900004EC7 /* Array+Extensions.swift */; };
		C64C60D92A334C0900004EC7 /* Date+Extensions.swift in Sources */ = {isa = PBXBuildFile; fileRef = C64C60D42A334C0900004EC7 /* Date+Extensions.swift */; };
		C64C60DA2A334C0900004EC7 /* Calendar+Extensions.swift in Sources */ = {isa = PBXBuildFile; fileRef = C64C60D52A334C0900004EC7 /* Calendar+Extensions.swift */; };
		C681DBC52A83D1850064BE51 /* View+Extensions.swift in Sources */ = {isa = PBXBuildFile; fileRef = C681DBC42A83D1850064BE51 /* View+Extensions.swift */; };
		C681DBC62A83D1850064BE51 /* View+Extensions.swift in Sources */ = {isa = PBXBuildFile; fileRef = C681DBC42A83D1850064BE51 /* View+Extensions.swift */; };
		C696A3962A7D17FB00D8AB9C /* Provider.swift in Sources */ = {isa = PBXBuildFile; fileRef = C696A3952A7D17FB00D8AB9C /* Provider.swift */; };
		C696A39B2A7D187900D8AB9C /* MediumCalendarView.swift in Sources */ = {isa = PBXBuildFile; fileRef = C696A3972A7D187900D8AB9C /* MediumCalendarView.swift */; };
		C696A39C2A7D187900D8AB9C /* CircularCalendarView.swift in Sources */ = {isa = PBXBuildFile; fileRef = C696A3982A7D187900D8AB9C /* CircularCalendarView.swift */; };
		C696A39D2A7D187900D8AB9C /* SmallCalendarView.swift in Sources */ = {isa = PBXBuildFile; fileRef = C696A3992A7D187900D8AB9C /* SmallCalendarView.swift */; };
		C696A39E2A7D187900D8AB9C /* RectangularCalendarView.swift in Sources */ = {isa = PBXBuildFile; fileRef = C696A39A2A7D187900D8AB9C /* RectangularCalendarView.swift */; };
		C696A39F2A7D193100D8AB9C /* MonthView.swift in Sources */ = {isa = PBXBuildFile; fileRef = C64C60CC2A334BFC00004EC7 /* MonthView.swift */; };
		C696A3A02A7D193500D8AB9C /* WeekView.swift in Sources */ = {isa = PBXBuildFile; fileRef = C64C60CD2A334BFC00004EC7 /* WeekView.swift */; };
		C696A3A42A7D197100D8AB9C /* SmallMonthView.swift in Sources */ = {isa = PBXBuildFile; fileRef = C696A3A12A7D197100D8AB9C /* SmallMonthView.swift */; };
		C696A3A52A7D197100D8AB9C /* MediumMonthView.swift in Sources */ = {isa = PBXBuildFile; fileRef = C696A3A22A7D197100D8AB9C /* MediumMonthView.swift */; };
		C696A3A62A7D197100D8AB9C /* RectangularMonthView.swift in Sources */ = {isa = PBXBuildFile; fileRef = C696A3A32A7D197100D8AB9C /* RectangularMonthView.swift */; };
		C69F5EEB2A851B9F0027F704 /* SmallProgressCalendarView.swift in Sources */ = {isa = PBXBuildFile; fileRef = C69F5EEA2A851B9F0027F704 /* SmallProgressCalendarView.swift */; };
		C69F5EED2A851BD20027F704 /* MediumProgressCalendarView.swift in Sources */ = {isa = PBXBuildFile; fileRef = C69F5EEC2A851BD20027F704 /* MediumProgressCalendarView.swift */; };
		C69F5EEF2A851BFD0027F704 /* RectangularProgressCalendarView.swift in Sources */ = {isa = PBXBuildFile; fileRef = C69F5EEE2A851BFD0027F704 /* RectangularProgressCalendarView.swift */; };
		C69F5EF12A851C280027F704 /* ProgressCalendarWidget.swift in Sources */ = {isa = PBXBuildFile; fileRef = C69F5EF02A851C280027F704 /* ProgressCalendarWidget.swift */; };
		C6A89BAF2A334533009F4C09 /* VisualEffectBlur.swift in Sources */ = {isa = PBXBuildFile; fileRef = C6A89BAE2A334533009F4C09 /* VisualEffectBlur.swift */; };
		C6C8162D2A85236400EAE5FB /* events.json in Resources */ = {isa = PBXBuildFile; fileRef = C6C8162C2A85236400EAE5FB /* events.json */; };
		C6C8162E2A85236400EAE5FB /* events.json in Resources */ = {isa = PBXBuildFile; fileRef = C6C8162C2A85236400EAE5FB /* events.json */; };
		C6D6F4BC2A339AED0091802B /* Colors.xcassets in Resources */ = {isa = PBXBuildFile; fileRef = C6D6F4BB2A339AED0091802B /* Colors.xcassets */; };
		C6D6F4BD2A339AED0091802B /* Colors.xcassets in Resources */ = {isa = PBXBuildFile; fileRef = C6D6F4BB2A339AED0091802B /* Colors.xcassets */; };
		C6D6F4C02A339B4D0091802B /* Assets.xcassets in Resources */ = {isa = PBXBuildFile; fileRef = C6D6F4BF2A339B4D0091802B /* Assets.xcassets */; };
		C6D6F4C12A339B4D0091802B /* Assets.xcassets in Resources */ = {isa = PBXBuildFile; fileRef = C6D6F4BF2A339B4D0091802B /* Assets.xcassets */; };
		C6D6F4C32A339B6B0091802B /* Calendar+Extensions.swift in Sources */ = {isa = PBXBuildFile; fileRef = C64C60D52A334C0900004EC7 /* Calendar+Extensions.swift */; };
		C6D6F4C52A339BEF0091802B /* Array+Extensions.swift in Sources */ = {isa = PBXBuildFile; fileRef = C64C60D12A334C0900004EC7 /* Array+Extensions.swift */; };
		C6D6F4C62A339CA20091802B /* Date+Extensions.swift in Sources */ = {isa = PBXBuildFile; fileRef = C64C60D42A334C0900004EC7 /* Date+Extensions.swift */; };
		C6D6F4C92A339D5A0091802B /* EventService.swift in Sources */ = {isa = PBXBuildFile; fileRef = C6D6F4C82A339D5A0091802B /* EventService.swift */; };
		C6D6F4CA2A339D5A0091802B /* EventService.swift in Sources */ = {isa = PBXBuildFile; fileRef = C6D6F4C82A339D5A0091802B /* EventService.swift */; };
/* End PBXBuildFile section */

/* Begin PBXContainerItemProxy section */
		C6167BF42A32494500AC66B4 /* PBXContainerItemProxy */ = {
			isa = PBXContainerItemProxy;
			containerPortal = C6167BC72A32491400AC66B4 /* Project object */;
			proxyType = 1;
			remoteGlobalIDString = C6167BE42A32494400AC66B4;
			remoteInfo = CalendarWidgetExtension;
		};
/* End PBXContainerItemProxy section */

/* Begin PBXCopyFilesBuildPhase section */
		C6167BFA2A32494500AC66B4 /* Embed Foundation Extensions */ = {
			isa = PBXCopyFilesBuildPhase;
			buildActionMask = 2147483647;
			dstPath = "";
			dstSubfolderSpec = 13;
			files = (
				C6167BF62A32494500AC66B4 /* JalaliCalendarWidget.appex in Embed Foundation Extensions */,
			);
			name = "Embed Foundation Extensions";
			runOnlyForDeploymentPostprocessing = 0;
		};
/* End PBXCopyFilesBuildPhase section */

/* Begin PBXFileReference section */
		C606E9D42A7D0E0200D404E9 /* MonthWidget.swift */ = {isa = PBXFileReference; fileEncoding = 4; lastKnownFileType = sourcecode.swift; path = MonthWidget.swift; sourceTree = "<group>"; };
		C606E9D62A7D0E2D00D404E9 /* CustomFont.swift */ = {isa = PBXFileReference; fileEncoding = 4; lastKnownFileType = sourcecode.swift; path = CustomFont.swift; sourceTree = "<group>"; };
		C606E9DA2A7D0EA100D404E9 /* Shabnam-Medium.ttf */ = {isa = PBXFileReference; lastKnownFileType = file; path = "Shabnam-Medium.ttf"; sourceTree = "<group>"; };
		C606E9DB2A7D0EA100D404E9 /* Shabnam.ttf */ = {isa = PBXFileReference; lastKnownFileType = file; path = Shabnam.ttf; sourceTree = "<group>"; };
		C606E9DC2A7D0EA100D404E9 /* Shabnam-Bold.ttf */ = {isa = PBXFileReference; lastKnownFileType = file; path = "Shabnam-Bold.ttf"; sourceTree = "<group>"; };
		C606E9DD2A7D0EA100D404E9 /* Shabnam-Light.ttf */ = {isa = PBXFileReference; lastKnownFileType = file; path = "Shabnam-Light.ttf"; sourceTree = "<group>"; };
		C606E9DE2A7D0EA100D404E9 /* Shabnam-Thin.ttf */ = {isa = PBXFileReference; lastKnownFileType = file; path = "Shabnam-Thin.ttf"; sourceTree = "<group>"; };
		C6167BCF2A32491400AC66B4 /* Jalali Calendar.app */ = {isa = PBXFileReference; explicitFileType = wrapper.application; includeInIndex = 0; path = "Jalali Calendar.app"; sourceTree = BUILT_PRODUCTS_DIR; };
		C6167BD22A32491400AC66B4 /* JalaliCalendarApp.swift */ = {isa = PBXFileReference; lastKnownFileType = sourcecode.swift; path = JalaliCalendarApp.swift; sourceTree = "<group>"; };
		C6167BD42A32491400AC66B4 /* HomeView.swift */ = {isa = PBXFileReference; lastKnownFileType = sourcecode.swift; path = HomeView.swift; sourceTree = "<group>"; };
		C6167BD82A32491500AC66B4 /* JalaliCalendar.entitlements */ = {isa = PBXFileReference; lastKnownFileType = text.plist.entitlements; path = JalaliCalendar.entitlements; sourceTree = "<group>"; };
		C6167BE52A32494400AC66B4 /* JalaliCalendarWidget.appex */ = {isa = PBXFileReference; explicitFileType = "wrapper.app-extension"; includeInIndex = 0; path = JalaliCalendarWidget.appex; sourceTree = BUILT_PRODUCTS_DIR; };
		C6167BE72A32494400AC66B4 /* WidgetKit.framework */ = {isa = PBXFileReference; lastKnownFileType = wrapper.framework; name = WidgetKit.framework; path = /System/Library/Frameworks/WidgetKit.framework; sourceTree = "<absolute>"; };
		C6167BE92A32494400AC66B4 /* SwiftUI.framework */ = {isa = PBXFileReference; lastKnownFileType = wrapper.framework; name = SwiftUI.framework; path = /System/Library/Frameworks/SwiftUI.framework; sourceTree = "<absolute>"; };
		C6167BEC2A32494400AC66B4 /* WidgetBundle.swift */ = {isa = PBXFileReference; lastKnownFileType = sourcecode.swift; path = WidgetBundle.swift; sourceTree = "<group>"; };
		C6167BEE2A32494400AC66B4 /* TodayWidget.swift */ = {isa = PBXFileReference; lastKnownFileType = sourcecode.swift; path = TodayWidget.swift; sourceTree = "<group>"; };
		C6167BF02A32494500AC66B4 /* Assets.xcassets */ = {isa = PBXFileReference; lastKnownFileType = folder.assetcatalog; path = Assets.xcassets; sourceTree = "<group>"; };
		C6167BF22A32494500AC66B4 /* Info.plist */ = {isa = PBXFileReference; lastKnownFileType = text.plist.xml; path = Info.plist; sourceTree = "<group>"; };
		C6167BF32A32494500AC66B4 /* CalendarWidget.entitlements */ = {isa = PBXFileReference; lastKnownFileType = text.plist.entitlements; path = CalendarWidget.entitlements; sourceTree = "<group>"; };
		C6167BFB2A3249AB00AC66B4 /* Config.xcconfig */ = {isa = PBXFileReference; lastKnownFileType = text.xcconfig; path = Config.xcconfig; sourceTree = "<group>"; };
		C64C60CC2A334BFC00004EC7 /* MonthView.swift */ = {isa = PBXFileReference; fileEncoding = 4; lastKnownFileType = sourcecode.swift; path = MonthView.swift; sourceTree = "<group>"; };
		C64C60CD2A334BFC00004EC7 /* WeekView.swift */ = {isa = PBXFileReference; fileEncoding = 4; lastKnownFileType = sourcecode.swift; path = WeekView.swift; sourceTree = "<group>"; };
		C64C60D12A334C0900004EC7 /* Array+Extensions.swift */ = {isa = PBXFileReference; fileEncoding = 4; lastKnownFileType = sourcecode.swift; path = "Array+Extensions.swift"; sourceTree = "<group>"; };
		C64C60D42A334C0900004EC7 /* Date+Extensions.swift */ = {isa = PBXFileReference; fileEncoding = 4; lastKnownFileType = sourcecode.swift; path = "Date+Extensions.swift"; sourceTree = "<group>"; };
		C64C60D52A334C0900004EC7 /* Calendar+Extensions.swift */ = {isa = PBXFileReference; fileEncoding = 4; lastKnownFileType = sourcecode.swift; path = "Calendar+Extensions.swift"; sourceTree = "<group>"; };
		C681DBC42A83D1850064BE51 /* View+Extensions.swift */ = {isa = PBXFileReference; lastKnownFileType = sourcecode.swift; path = "View+Extensions.swift"; sourceTree = "<group>"; };
		C696A3942A7D135C00D8AB9C /* Info.plist */ = {isa = PBXFileReference; lastKnownFileType = text.plist.xml; path = Info.plist; sourceTree = "<group>"; };
		C696A3952A7D17FB00D8AB9C /* Provider.swift */ = {isa = PBXFileReference; fileEncoding = 4; lastKnownFileType = sourcecode.swift; path = Provider.swift; sourceTree = "<group>"; };
		C696A3972A7D187900D8AB9C /* MediumCalendarView.swift */ = {isa = PBXFileReference; fileEncoding = 4; lastKnownFileType = sourcecode.swift; path = MediumCalendarView.swift; sourceTree = "<group>"; };
		C696A3982A7D187900D8AB9C /* CircularCalendarView.swift */ = {isa = PBXFileReference; fileEncoding = 4; lastKnownFileType = sourcecode.swift; path = CircularCalendarView.swift; sourceTree = "<group>"; };
		C696A3992A7D187900D8AB9C /* SmallCalendarView.swift */ = {isa = PBXFileReference; fileEncoding = 4; lastKnownFileType = sourcecode.swift; path = SmallCalendarView.swift; sourceTree = "<group>"; };
		C696A39A2A7D187900D8AB9C /* RectangularCalendarView.swift */ = {isa = PBXFileReference; fileEncoding = 4; lastKnownFileType = sourcecode.swift; path = RectangularCalendarView.swift; sourceTree = "<group>"; };
		C696A3A12A7D197100D8AB9C /* SmallMonthView.swift */ = {isa = PBXFileReference; fileEncoding = 4; lastKnownFileType = sourcecode.swift; path = SmallMonthView.swift; sourceTree = "<group>"; };
		C696A3A22A7D197100D8AB9C /* MediumMonthView.swift */ = {isa = PBXFileReference; fileEncoding = 4; lastKnownFileType = sourcecode.swift; path = MediumMonthView.swift; sourceTree = "<group>"; };
		C696A3A32A7D197100D8AB9C /* RectangularMonthView.swift */ = {isa = PBXFileReference; fileEncoding = 4; lastKnownFileType = sourcecode.swift; path = RectangularMonthView.swift; sourceTree = "<group>"; };
		C69F5EEA2A851B9F0027F704 /* SmallProgressCalendarView.swift */ = {isa = PBXFileReference; lastKnownFileType = sourcecode.swift; path = SmallProgressCalendarView.swift; sourceTree = "<group>"; };
		C69F5EEC2A851BD20027F704 /* MediumProgressCalendarView.swift */ = {isa = PBXFileReference; lastKnownFileType = sourcecode.swift; path = MediumProgressCalendarView.swift; sourceTree = "<group>"; };
		C69F5EEE2A851BFD0027F704 /* RectangularProgressCalendarView.swift */ = {isa = PBXFileReference; lastKnownFileType = sourcecode.swift; path = RectangularProgressCalendarView.swift; sourceTree = "<group>"; };
		C69F5EF02A851C280027F704 /* ProgressCalendarWidget.swift */ = {isa = PBXFileReference; lastKnownFileType = sourcecode.swift; path = ProgressCalendarWidget.swift; sourceTree = "<group>"; };
		C6A89BAE2A334533009F4C09 /* VisualEffectBlur.swift */ = {isa = PBXFileReference; fileEncoding = 4; lastKnownFileType = sourcecode.swift; path = VisualEffectBlur.swift; sourceTree = "<group>"; };
		C6C8162C2A85236400EAE5FB /* events.json */ = {isa = PBXFileReference; lastKnownFileType = text.json; path = events.json; sourceTree = "<group>"; };
		C6D6F4BB2A339AED0091802B /* Colors.xcassets */ = {isa = PBXFileReference; lastKnownFileType = folder.assetcatalog; path = Colors.xcassets; sourceTree = "<group>"; };
		C6D6F4BF2A339B4D0091802B /* Assets.xcassets */ = {isa = PBXFileReference; lastKnownFileType = folder.assetcatalog; path = Assets.xcassets; sourceTree = "<group>"; };
		C6D6F4C82A339D5A0091802B /* EventService.swift */ = {isa = PBXFileReference; lastKnownFileType = sourcecode.swift; path = EventService.swift; sourceTree = "<group>"; };
/* End PBXFileReference section */

/* Begin PBXFrameworksBuildPhase section */
		C6167BCC2A32491400AC66B4 /* Frameworks */ = {
			isa = PBXFrameworksBuildPhase;
			buildActionMask = 2147483647;
			files = (
			);
			runOnlyForDeploymentPostprocessing = 0;
		};
		C6167BE22A32494400AC66B4 /* Frameworks */ = {
			isa = PBXFrameworksBuildPhase;
			buildActionMask = 2147483647;
			files = (
				C6167BEA2A32494400AC66B4 /* SwiftUI.framework in Frameworks */,
				C6167BE82A32494400AC66B4 /* WidgetKit.framework in Frameworks */,
			);
			runOnlyForDeploymentPostprocessing = 0;
		};
/* End PBXFrameworksBuildPhase section */

/* Begin PBXGroup section */
		C606E9D92A7D0EA100D404E9 /* Fonts */ = {
			isa = PBXGroup;
			children = (
				C606E9DA2A7D0EA100D404E9 /* Shabnam-Medium.ttf */,
				C606E9DB2A7D0EA100D404E9 /* Shabnam.ttf */,
				C606E9DC2A7D0EA100D404E9 /* Shabnam-Bold.ttf */,
				C606E9DD2A7D0EA100D404E9 /* Shabnam-Light.ttf */,
				C606E9DE2A7D0EA100D404E9 /* Shabnam-Thin.ttf */,
			);
			name = Fonts;
			path = Shared/Resources/Fonts;
			sourceTree = SOURCE_ROOT;
		};
		C6167BC62A32491400AC66B4 = {
			isa = PBXGroup;
			children = (
				C6167BFB2A3249AB00AC66B4 /* Config.xcconfig */,
				C6167BD12A32491400AC66B4 /* App */,
				C6D6F4B92A339AD50091802B /* Shared */,
				C6167BEB2A32494400AC66B4 /* Widget */,
				C6167BE62A32494400AC66B4 /* Frameworks */,
				C6167BD02A32491400AC66B4 /* Products */,
			);
			sourceTree = "<group>";
		};
		C6167BD02A32491400AC66B4 /* Products */ = {
			isa = PBXGroup;
			children = (
				C6167BCF2A32491400AC66B4 /* Jalali Calendar.app */,
				C6167BE52A32494400AC66B4 /* JalaliCalendarWidget.appex */,
			);
			name = Products;
			sourceTree = "<group>";
		};
		C6167BD12A32491400AC66B4 /* App */ = {
			isa = PBXGroup;
			children = (
				C6A89BAD2A33452B009F4C09 /* General */,
				C6167BFC2A324ADD00AC66B4 /* Resources */,
				C6D6F4C72A339CCD0091802B /* Views */,
				C6167BD22A32491400AC66B4 /* JalaliCalendarApp.swift */,
			);
			path = App;
			sourceTree = "<group>";
		};
		C6167BE62A32494400AC66B4 /* Frameworks */ = {
			isa = PBXGroup;
			children = (
				C6167BE72A32494400AC66B4 /* WidgetKit.framework */,
				C6167BE92A32494400AC66B4 /* SwiftUI.framework */,
			);
			name = Frameworks;
			sourceTree = "<group>";
		};
		C6167BEB2A32494400AC66B4 /* Widget */ = {
			isa = PBXGroup;
			children = (
				C69F5EE92A851AE90027F704 /* ProgressCalendar */,
				C6202B7D2A7CF3DE006FFACC /* TodayCalendar */,
				C6202B7C2A7CF3D1006FFACC /* MonthCalendar */,
				C6167BFD2A324B2900AC66B4 /* Resources */,
				C696A3952A7D17FB00D8AB9C /* Provider.swift */,
				C6167BEC2A32494400AC66B4 /* WidgetBundle.swift */,
			);
			path = Widget;
			sourceTree = "<group>";
		};
		C6167BFC2A324ADD00AC66B4 /* Resources */ = {
			isa = PBXGroup;
			children = (
				C6167BD82A32491500AC66B4 /* JalaliCalendar.entitlements */,
			);
			path = Resources;
			sourceTree = "<group>";
		};
		C6167BFD2A324B2900AC66B4 /* Resources */ = {
			isa = PBXGroup;
			children = (
				C6167BF02A32494500AC66B4 /* Assets.xcassets */,
				C6167BF32A32494500AC66B4 /* CalendarWidget.entitlements */,
				C6167BF22A32494500AC66B4 /* Info.plist */,
			);
			path = Resources;
			sourceTree = "<group>";
		};
		C6202B7C2A7CF3D1006FFACC /* MonthCalendar */ = {
			isa = PBXGroup;
			children = (
				C696A3A22A7D197100D8AB9C /* MediumMonthView.swift */,
				C696A3A32A7D197100D8AB9C /* RectangularMonthView.swift */,
				C696A3A12A7D197100D8AB9C /* SmallMonthView.swift */,
				C606E9D42A7D0E0200D404E9 /* MonthWidget.swift */,
			);
			path = MonthCalendar;
			sourceTree = "<group>";
		};
		C6202B7D2A7CF3DE006FFACC /* TodayCalendar */ = {
			isa = PBXGroup;
			children = (
				C696A3982A7D187900D8AB9C /* CircularCalendarView.swift */,
				C696A3972A7D187900D8AB9C /* MediumCalendarView.swift */,
				C696A39A2A7D187900D8AB9C /* RectangularCalendarView.swift */,
				C696A3992A7D187900D8AB9C /* SmallCalendarView.swift */,
				C6167BEE2A32494400AC66B4 /* TodayWidget.swift */,
			);
			path = TodayCalendar;
			sourceTree = "<group>";
		};
		C69F5EE92A851AE90027F704 /* ProgressCalendar */ = {
			isa = PBXGroup;
			children = (
				C69F5EEA2A851B9F0027F704 /* SmallProgressCalendarView.swift */,
				C69F5EEC2A851BD20027F704 /* MediumProgressCalendarView.swift */,
				C69F5EEE2A851BFD0027F704 /* RectangularProgressCalendarView.swift */,
				C69F5EF02A851C280027F704 /* ProgressCalendarWidget.swift */,
			);
			path = ProgressCalendar;
			sourceTree = "<group>";
		};
		C6A89BAD2A33452B009F4C09 /* General */ = {
			isa = PBXGroup;
			children = (
				C6A89BAE2A334533009F4C09 /* VisualEffectBlur.swift */,
			);
			path = General;
			sourceTree = "<group>";
		};
		C6D6F4B92A339AD50091802B /* Shared */ = {
			isa = PBXGroup;
			children = (
				C6D6F4C22A339B620091802B /* Extensions */,
				C6D6F4C42A339BDA0091802B /* General */,
				C6D6F4BA2A339ADF0091802B /* Resources */,
			);
			path = Shared;
			sourceTree = "<group>";
		};
		C6D6F4BA2A339ADF0091802B /* Resources */ = {
			isa = PBXGroup;
			children = (
				C606E9D92A7D0EA100D404E9 /* Fonts */,
				C696A3942A7D135C00D8AB9C /* Info.plist */,
				C6D6F4BF2A339B4D0091802B /* Assets.xcassets */,
				C6D6F4BB2A339AED0091802B /* Colors.xcassets */,
				C6C8162C2A85236400EAE5FB /* events.json */,
			);
			path = Resources;
			sourceTree = "<group>";
		};
		C6D6F4C22A339B620091802B /* Extensions */ = {
			isa = PBXGroup;
			children = (
				C64C60D12A334C0900004EC7 /* Array+Extensions.swift */,
				C64C60D52A334C0900004EC7 /* Calendar+Extensions.swift */,
				C64C60D42A334C0900004EC7 /* Date+Extensions.swift */,
				C681DBC42A83D1850064BE51 /* View+Extensions.swift */,
			);
			path = Extensions;
			sourceTree = "<group>";
		};
		C6D6F4C42A339BDA0091802B /* General */ = {
			isa = PBXGroup;
			children = (
				C606E9D62A7D0E2D00D404E9 /* CustomFont.swift */,
				C6D6F4C82A339D5A0091802B /* EventService.swift */,
				C64C60CC2A334BFC00004EC7 /* MonthView.swift */,
				C64C60CD2A334BFC00004EC7 /* WeekView.swift */,
			);
			path = General;
			sourceTree = "<group>";
		};
		C6D6F4C72A339CCD0091802B /* Views */ = {
			isa = PBXGroup;
			children = (
				C6167BD42A32491400AC66B4 /* HomeView.swift */,
			);
			path = Views;
			sourceTree = "<group>";
		};
/* End PBXGroup section */

/* Begin PBXNativeTarget section */
		C6167BCE2A32491400AC66B4 /* JalaliCalendar */ = {
			isa = PBXNativeTarget;
			buildConfigurationList = C6167BDE2A32491500AC66B4 /* Build configuration list for PBXNativeTarget "JalaliCalendar" */;
			buildPhases = (
				C6167BCB2A32491400AC66B4 /* Sources */,
				C6167BCC2A32491400AC66B4 /* Frameworks */,
				C6167BCD2A32491400AC66B4 /* Resources */,
				C6167BFA2A32494500AC66B4 /* Embed Foundation Extensions */,
			);
			buildRules = (
			);
			dependencies = (
				C6167BF52A32494500AC66B4 /* PBXTargetDependency */,
			);
			name = JalaliCalendar;
			productName = JalaliCalendar;
			productReference = C6167BCF2A32491400AC66B4 /* Jalali Calendar.app */;
			productType = "com.apple.product-type.application";
		};
		C6167BE42A32494400AC66B4 /* CalendarWidgetExtension */ = {
			isa = PBXNativeTarget;
			buildConfigurationList = C6167BF72A32494500AC66B4 /* Build configuration list for PBXNativeTarget "CalendarWidgetExtension" */;
			buildPhases = (
				C6167BE12A32494400AC66B4 /* Sources */,
				C6167BE22A32494400AC66B4 /* Frameworks */,
				C6167BE32A32494400AC66B4 /* Resources */,
			);
			buildRules = (
			);
			dependencies = (
			);
			name = CalendarWidgetExtension;
			productName = CalendarWidgetExtension;
			productReference = C6167BE52A32494400AC66B4 /* JalaliCalendarWidget.appex */;
			productType = "com.apple.product-type.app-extension";
		};
/* End PBXNativeTarget section */

/* Begin PBXProject section */
		C6167BC72A32491400AC66B4 /* Project object */ = {
			isa = PBXProject;
			attributes = {
				BuildIndependentTargetsInParallel = 1;
				LastSwiftUpdateCheck = 1500;
				LastUpgradeCheck = 1500;
				TargetAttributes = {
					C6167BCE2A32491400AC66B4 = {
						CreatedOnToolsVersion = 15.0;
					};
					C6167BE42A32494400AC66B4 = {
						CreatedOnToolsVersion = 15.0;
					};
				};
			};
			buildConfigurationList = C6167BCA2A32491400AC66B4 /* Build configuration list for PBXProject "JalaliCalendar" */;
			compatibilityVersion = "Xcode 14.0";
			developmentRegion = en;
			hasScannedForEncodings = 0;
			knownRegions = (
				en,
				Base,
			);
			mainGroup = C6167BC62A32491400AC66B4;
			productRefGroup = C6167BD02A32491400AC66B4 /* Products */;
			projectDirPath = "";
			projectRoot = "";
			targets = (
				C6167BCE2A32491400AC66B4 /* JalaliCalendar */,
				C6167BE42A32494400AC66B4 /* CalendarWidgetExtension */,
			);
		};
/* End PBXProject section */

/* Begin PBXResourcesBuildPhase section */
		C6167BCD2A32491400AC66B4 /* Resources */ = {
			isa = PBXResourcesBuildPhase;
			buildActionMask = 2147483647;
			files = (
				C6C8162D2A85236400EAE5FB /* events.json in Resources */,
				C606E9E32A7D0EA100D404E9 /* Shabnam-Bold.ttf in Resources */,
				C606E9E52A7D0EA100D404E9 /* Shabnam-Light.ttf in Resources */,
				C6D6F4BC2A339AED0091802B /* Colors.xcassets in Resources */,
				C606E9E12A7D0EA100D404E9 /* Shabnam.ttf in Resources */,
				C6D6F4C02A339B4D0091802B /* Assets.xcassets in Resources */,
				C606E9DF2A7D0EA100D404E9 /* Shabnam-Medium.ttf in Resources */,
				C606E9E72A7D0EA100D404E9 /* Shabnam-Thin.ttf in Resources */,
			);
			runOnlyForDeploymentPostprocessing = 0;
		};
		C6167BE32A32494400AC66B4 /* Resources */ = {
			isa = PBXResourcesBuildPhase;
			buildActionMask = 2147483647;
			files = (
				C606E9E42A7D0EA100D404E9 /* Shabnam-Bold.ttf in Resources */,
				C606E9E62A7D0EA100D404E9 /* Shabnam-Light.ttf in Resources */,
				C6C8162E2A85236400EAE5FB /* events.json in Resources */,
				C6167BF12A32494500AC66B4 /* Assets.xcassets in Resources */,
				C606E9E22A7D0EA100D404E9 /* Shabnam.ttf in Resources */,
				C6D6F4C12A339B4D0091802B /* Assets.xcassets in Resources */,
				C606E9E02A7D0EA100D404E9 /* Shabnam-Medium.ttf in Resources */,
				C606E9E82A7D0EA100D404E9 /* Shabnam-Thin.ttf in Resources */,
				C6D6F4BD2A339AED0091802B /* Colors.xcassets in Resources */,
			);
			runOnlyForDeploymentPostprocessing = 0;
		};
/* End PBXResourcesBuildPhase section */

/* Begin PBXSourcesBuildPhase section */
		C6167BCB2A32491400AC66B4 /* Sources */ = {
			isa = PBXSourcesBuildPhase;
			buildActionMask = 2147483647;
			files = (
				C6A89BAF2A334533009F4C09 /* VisualEffectBlur.swift in Sources */,
				C64C60D62A334C0900004EC7 /* Array+Extensions.swift in Sources */,
				C681DBC52A83D1850064BE51 /* View+Extensions.swift in Sources */,
				C64C60CF2A334BFC00004EC7 /* WeekView.swift in Sources */,
				C6167BD52A32491400AC66B4 /* HomeView.swift in Sources */,
				C64C60D92A334C0900004EC7 /* Date+Extensions.swift in Sources */,
				C606E9D72A7D0E2D00D404E9 /* CustomFont.swift in Sources */,
				C64C60DA2A334C0900004EC7 /* Calendar+Extensions.swift in Sources */,
				C6D6F4C92A339D5A0091802B /* EventService.swift in Sources */,
				C6167BD32A32491400AC66B4 /* JalaliCalendarApp.swift in Sources */,
				C64C60CE2A334BFC00004EC7 /* MonthView.swift in Sources */,
			);
			runOnlyForDeploymentPostprocessing = 0;
		};
		C6167BE12A32494400AC66B4 /* Sources */ = {
			isa = PBXSourcesBuildPhase;
			buildActionMask = 2147483647;
			files = (
				C696A39D2A7D187900D8AB9C /* SmallCalendarView.swift in Sources */,
				C69F5EED2A851BD20027F704 /* MediumProgressCalendarView.swift in Sources */,
				C69F5EEB2A851B9F0027F704 /* SmallProgressCalendarView.swift in Sources */,
				C696A3A52A7D197100D8AB9C /* MediumMonthView.swift in Sources */,
				C696A39C2A7D187900D8AB9C /* CircularCalendarView.swift in Sources */,
				C6D6F4CA2A339D5A0091802B /* EventService.swift in Sources */,
				C69F5EF12A851C280027F704 /* ProgressCalendarWidget.swift in Sources */,
				C6167BED2A32494400AC66B4 /* WidgetBundle.swift in Sources */,
				C696A39E2A7D187900D8AB9C /* RectangularCalendarView.swift in Sources */,
				C6167BEF2A32494400AC66B4 /* TodayWidget.swift in Sources */,
				C696A3A02A7D193500D8AB9C /* WeekView.swift in Sources */,
				C6D6F4C32A339B6B0091802B /* Calendar+Extensions.swift in Sources */,
				C696A3962A7D17FB00D8AB9C /* Provider.swift in Sources */,
				C696A3A42A7D197100D8AB9C /* SmallMonthView.swift in Sources */,
				C681DBC62A83D1850064BE51 /* View+Extensions.swift in Sources */,
				C6D6F4C62A339CA20091802B /* Date+Extensions.swift in Sources */,
				C696A3A62A7D197100D8AB9C /* RectangularMonthView.swift in Sources */,
				C606E9D82A7D0E2D00D404E9 /* CustomFont.swift in Sources */,
				C696A39B2A7D187900D8AB9C /* MediumCalendarView.swift in Sources */,
				C69F5EEF2A851BFD0027F704 /* RectangularProgressCalendarView.swift in Sources */,
				C606E9D52A7D0E0200D404E9 /* MonthWidget.swift in Sources */,
				C6D6F4C52A339BEF0091802B /* Array+Extensions.swift in Sources */,
				C696A39F2A7D193100D8AB9C /* MonthView.swift in Sources */,
			);
			runOnlyForDeploymentPostprocessing = 0;
		};
/* End PBXSourcesBuildPhase section */

/* Begin PBXTargetDependency section */
		C6167BF52A32494500AC66B4 /* PBXTargetDependency */ = {
			isa = PBXTargetDependency;
			target = C6167BE42A32494400AC66B4 /* CalendarWidgetExtension */;
			targetProxy = C6167BF42A32494500AC66B4 /* PBXContainerItemProxy */;
		};
/* End PBXTargetDependency section */

/* Begin XCBuildConfiguration section */
		C6167BDC2A32491500AC66B4 /* Debug */ = {
			isa = XCBuildConfiguration;
			baseConfigurationReference = C6167BFB2A3249AB00AC66B4 /* Config.xcconfig */;
			buildSettings = {
				ALWAYS_SEARCH_USER_PATHS = NO;
				ASSETCATALOG_COMPILER_GENERATE_SWIFT_ASSET_SYMBOL_EXTENSIONS = YES;
				CLANG_ANALYZER_NONNULL = YES;
				CLANG_ANALYZER_NUMBER_OBJECT_CONVERSION = YES_AGGRESSIVE;
				CLANG_CXX_LANGUAGE_STANDARD = "gnu++20";
				CLANG_ENABLE_MODULES = YES;
				CLANG_ENABLE_OBJC_ARC = YES;
				CLANG_ENABLE_OBJC_WEAK = YES;
				CLANG_WARN_BLOCK_CAPTURE_AUTORELEASING = YES;
				CLANG_WARN_BOOL_CONVERSION = YES;
				CLANG_WARN_COMMA = YES;
				CLANG_WARN_CONSTANT_CONVERSION = YES;
				CLANG_WARN_DEPRECATED_OBJC_IMPLEMENTATIONS = YES;
				CLANG_WARN_DIRECT_OBJC_ISA_USAGE = YES_ERROR;
				CLANG_WARN_DOCUMENTATION_COMMENTS = YES;
				CLANG_WARN_EMPTY_BODY = YES;
				CLANG_WARN_ENUM_CONVERSION = YES;
				CLANG_WARN_INFINITE_RECURSION = YES;
				CLANG_WARN_INT_CONVERSION = YES;
				CLANG_WARN_NON_LITERAL_NULL_CONVERSION = YES;
				CLANG_WARN_OBJC_IMPLICIT_RETAIN_SELF = YES;
				CLANG_WARN_OBJC_LITERAL_CONVERSION = YES;
				CLANG_WARN_OBJC_ROOT_CLASS = YES_ERROR;
				CLANG_WARN_QUOTED_INCLUDE_IN_FRAMEWORK_HEADER = YES;
				CLANG_WARN_RANGE_LOOP_ANALYSIS = YES;
				CLANG_WARN_STRICT_PROTOTYPES = YES;
				CLANG_WARN_SUSPICIOUS_MOVE = YES;
				CLANG_WARN_UNGUARDED_AVAILABILITY = YES_AGGRESSIVE;
				CLANG_WARN_UNREACHABLE_CODE = YES;
				CLANG_WARN__DUPLICATE_METHOD_MATCH = YES;
				COPY_PHASE_STRIP = NO;
				DEBUG_INFORMATION_FORMAT = dwarf;
				ENABLE_STRICT_OBJC_MSGSEND = YES;
				ENABLE_TESTABILITY = YES;
				ENABLE_USER_SCRIPT_SANDBOXING = YES;
				GCC_C_LANGUAGE_STANDARD = gnu17;
				GCC_DYNAMIC_NO_PIC = NO;
				GCC_NO_COMMON_BLOCKS = YES;
				GCC_OPTIMIZATION_LEVEL = 0;
				GCC_PREPROCESSOR_DEFINITIONS = (
					"DEBUG=1",
					"$(inherited)",
				);
				GCC_WARN_64_TO_32_BIT_CONVERSION = YES;
				GCC_WARN_ABOUT_RETURN_TYPE = YES_ERROR;
				GCC_WARN_UNDECLARED_SELECTOR = YES;
				GCC_WARN_UNINITIALIZED_AUTOS = YES_AGGRESSIVE;
				GCC_WARN_UNUSED_FUNCTION = YES;
				GCC_WARN_UNUSED_VARIABLE = YES;
				LOCALIZATION_PREFERS_STRING_CATALOGS = YES;
				MTL_ENABLE_DEBUG_INFO = INCLUDE_SOURCE;
				MTL_FAST_MATH = YES;
				ONLY_ACTIVE_ARCH = YES;
				SWIFT_ACTIVE_COMPILATION_CONDITIONS = "DEBUG $(inherited)";
				SWIFT_OPTIMIZATION_LEVEL = "-Onone";
			};
			name = Debug;
		};
		C6167BDD2A32491500AC66B4 /* Release */ = {
			isa = XCBuildConfiguration;
			baseConfigurationReference = C6167BFB2A3249AB00AC66B4 /* Config.xcconfig */;
			buildSettings = {
				ALWAYS_SEARCH_USER_PATHS = NO;
				ASSETCATALOG_COMPILER_GENERATE_SWIFT_ASSET_SYMBOL_EXTENSIONS = YES;
				CLANG_ANALYZER_NONNULL = YES;
				CLANG_ANALYZER_NUMBER_OBJECT_CONVERSION = YES_AGGRESSIVE;
				CLANG_CXX_LANGUAGE_STANDARD = "gnu++20";
				CLANG_ENABLE_MODULES = YES;
				CLANG_ENABLE_OBJC_ARC = YES;
				CLANG_ENABLE_OBJC_WEAK = YES;
				CLANG_WARN_BLOCK_CAPTURE_AUTORELEASING = YES;
				CLANG_WARN_BOOL_CONVERSION = YES;
				CLANG_WARN_COMMA = YES;
				CLANG_WARN_CONSTANT_CONVERSION = YES;
				CLANG_WARN_DEPRECATED_OBJC_IMPLEMENTATIONS = YES;
				CLANG_WARN_DIRECT_OBJC_ISA_USAGE = YES_ERROR;
				CLANG_WARN_DOCUMENTATION_COMMENTS = YES;
				CLANG_WARN_EMPTY_BODY = YES;
				CLANG_WARN_ENUM_CONVERSION = YES;
				CLANG_WARN_INFINITE_RECURSION = YES;
				CLANG_WARN_INT_CONVERSION = YES;
				CLANG_WARN_NON_LITERAL_NULL_CONVERSION = YES;
				CLANG_WARN_OBJC_IMPLICIT_RETAIN_SELF = YES;
				CLANG_WARN_OBJC_LITERAL_CONVERSION = YES;
				CLANG_WARN_OBJC_ROOT_CLASS = YES_ERROR;
				CLANG_WARN_QUOTED_INCLUDE_IN_FRAMEWORK_HEADER = YES;
				CLANG_WARN_RANGE_LOOP_ANALYSIS = YES;
				CLANG_WARN_STRICT_PROTOTYPES = YES;
				CLANG_WARN_SUSPICIOUS_MOVE = YES;
				CLANG_WARN_UNGUARDED_AVAILABILITY = YES_AGGRESSIVE;
				CLANG_WARN_UNREACHABLE_CODE = YES;
				CLANG_WARN__DUPLICATE_METHOD_MATCH = YES;
				COPY_PHASE_STRIP = NO;
				DEBUG_INFORMATION_FORMAT = "dwarf-with-dsym";
				ENABLE_NS_ASSERTIONS = NO;
				ENABLE_STRICT_OBJC_MSGSEND = YES;
				ENABLE_USER_SCRIPT_SANDBOXING = YES;
				GCC_C_LANGUAGE_STANDARD = gnu17;
				GCC_NO_COMMON_BLOCKS = YES;
				GCC_WARN_64_TO_32_BIT_CONVERSION = YES;
				GCC_WARN_ABOUT_RETURN_TYPE = YES_ERROR;
				GCC_WARN_UNDECLARED_SELECTOR = YES;
				GCC_WARN_UNINITIALIZED_AUTOS = YES_AGGRESSIVE;
				GCC_WARN_UNUSED_FUNCTION = YES;
				GCC_WARN_UNUSED_VARIABLE = YES;
				LOCALIZATION_PREFERS_STRING_CATALOGS = YES;
				MTL_ENABLE_DEBUG_INFO = NO;
				MTL_FAST_MATH = YES;
				SWIFT_COMPILATION_MODE = wholemodule;
			};
			name = Release;
		};
		C6167BDF2A32491500AC66B4 /* Debug */ = {
			isa = XCBuildConfiguration;
			baseConfigurationReference = C6167BFB2A3249AB00AC66B4 /* Config.xcconfig */;
			buildSettings = {
				ALWAYS_EMBED_SWIFT_STANDARD_LIBRARIES = YES;
				ASSETCATALOG_COMPILER_APPICON_NAME = AppIcon;
				ASSETCATALOG_COMPILER_GLOBAL_ACCENT_COLOR_NAME = AccentColor;
				CODE_SIGN_ENTITLEMENTS = App/Resources/JalaliCalendar.entitlements;
				CODE_SIGN_STYLE = Automatic;
				CURRENT_PROJECT_VERSION = "$(CONFIG_APP_BUNDLE_VERSION)";
				DEVELOPMENT_TEAM = YB99NQ76R5;
				ENABLE_PREVIEWS = YES;
				GENERATE_INFOPLIST_FILE = YES;
				INFOPLIST_FILE = Shared/Resources/Info.plist;
				INFOPLIST_KEY_CFBundleDisplayName = "";
				INFOPLIST_KEY_LSApplicationCategoryType = "public.app-category.utilities";
				"INFOPLIST_KEY_UIApplicationSceneManifest_Generation[sdk=iphoneos*]" = YES;
				"INFOPLIST_KEY_UIApplicationSceneManifest_Generation[sdk=iphonesimulator*]" = YES;
				"INFOPLIST_KEY_UIApplicationSupportsIndirectInputEvents[sdk=iphoneos*]" = YES;
				"INFOPLIST_KEY_UIApplicationSupportsIndirectInputEvents[sdk=iphonesimulator*]" = YES;
				"INFOPLIST_KEY_UILaunchScreen_Generation[sdk=iphoneos*]" = YES;
				"INFOPLIST_KEY_UILaunchScreen_Generation[sdk=iphonesimulator*]" = YES;
				"INFOPLIST_KEY_UIStatusBarStyle[sdk=iphoneos*]" = UIStatusBarStyleDefault;
				"INFOPLIST_KEY_UIStatusBarStyle[sdk=iphonesimulator*]" = UIStatusBarStyleDefault;
				INFOPLIST_KEY_UISupportedInterfaceOrientations = UIInterfaceOrientationPortrait;
				INFOPLIST_KEY_UISupportedInterfaceOrientations_iPad = "UIInterfaceOrientationLandscapeLeft UIInterfaceOrientationLandscapeRight UIInterfaceOrientationPortrait UIInterfaceOrientationPortraitUpsideDown";
				IPHONEOS_DEPLOYMENT_TARGET = 17.0;
				LD_RUNPATH_SEARCH_PATHS = "@executable_path/Frameworks";
				"LD_RUNPATH_SEARCH_PATHS[sdk=macosx*]" = "@executable_path/../Frameworks";
				MACOSX_DEPLOYMENT_TARGET = 14.0;
				MARKETING_VERSION = "$(CONFIG_APP_VERSION)";
				PRODUCT_BUNDLE_IDENTIFIER = "$(CONFIG_BUNDLE_ID)";
				PRODUCT_NAME = "$(CONFIG_APP_NAME)";
				SDKROOT = auto;
				SUPPORTED_PLATFORMS = "iphoneos iphonesimulator macosx";
				SWIFT_EMIT_LOC_STRINGS = YES;
				SWIFT_VERSION = 5.0;
				TARGETED_DEVICE_FAMILY = "1,2";
			};
			name = Debug;
		};
		C6167BE02A32491500AC66B4 /* Release */ = {
			isa = XCBuildConfiguration;
			baseConfigurationReference = C6167BFB2A3249AB00AC66B4 /* Config.xcconfig */;
			buildSettings = {
				ALWAYS_EMBED_SWIFT_STANDARD_LIBRARIES = YES;
				ASSETCATALOG_COMPILER_APPICON_NAME = AppIcon;
				ASSETCATALOG_COMPILER_GLOBAL_ACCENT_COLOR_NAME = AccentColor;
				CODE_SIGN_ENTITLEMENTS = App/Resources/JalaliCalendar.entitlements;
				CODE_SIGN_STYLE = Automatic;
				CURRENT_PROJECT_VERSION = "$(CONFIG_APP_BUNDLE_VERSION)";
				DEVELOPMENT_TEAM = YB99NQ76R5;
				ENABLE_PREVIEWS = YES;
				GENERATE_INFOPLIST_FILE = YES;
				INFOPLIST_FILE = Shared/Resources/Info.plist;
				INFOPLIST_KEY_CFBundleDisplayName = "";
				INFOPLIST_KEY_LSApplicationCategoryType = "public.app-category.utilities";
				"INFOPLIST_KEY_UIApplicationSceneManifest_Generation[sdk=iphoneos*]" = YES;
				"INFOPLIST_KEY_UIApplicationSceneManifest_Generation[sdk=iphonesimulator*]" = YES;
				"INFOPLIST_KEY_UIApplicationSupportsIndirectInputEvents[sdk=iphoneos*]" = YES;
				"INFOPLIST_KEY_UIApplicationSupportsIndirectInputEvents[sdk=iphonesimulator*]" = YES;
				"INFOPLIST_KEY_UILaunchScreen_Generation[sdk=iphoneos*]" = YES;
				"INFOPLIST_KEY_UILaunchScreen_Generation[sdk=iphonesimulator*]" = YES;
				"INFOPLIST_KEY_UIStatusBarStyle[sdk=iphoneos*]" = UIStatusBarStyleDefault;
				"INFOPLIST_KEY_UIStatusBarStyle[sdk=iphonesimulator*]" = UIStatusBarStyleDefault;
				INFOPLIST_KEY_UISupportedInterfaceOrientations = UIInterfaceOrientationPortrait;
				INFOPLIST_KEY_UISupportedInterfaceOrientations_iPad = "UIInterfaceOrientationLandscapeLeft UIInterfaceOrientationLandscapeRight UIInterfaceOrientationPortrait UIInterfaceOrientationPortraitUpsideDown";
				IPHONEOS_DEPLOYMENT_TARGET = 17.0;
				LD_RUNPATH_SEARCH_PATHS = "@executable_path/Frameworks";
				"LD_RUNPATH_SEARCH_PATHS[sdk=macosx*]" = "@executable_path/../Frameworks";
				MACOSX_DEPLOYMENT_TARGET = 14.0;
				MARKETING_VERSION = "$(CONFIG_APP_VERSION)";
				PRODUCT_BUNDLE_IDENTIFIER = "$(CONFIG_BUNDLE_ID)";
				PRODUCT_NAME = "$(CONFIG_APP_NAME)";
				SDKROOT = auto;
				SUPPORTED_PLATFORMS = "iphoneos iphonesimulator macosx";
				SWIFT_EMIT_LOC_STRINGS = YES;
				SWIFT_VERSION = 5.0;
				TARGETED_DEVICE_FAMILY = "1,2";
			};
			name = Release;
		};
		C6167BF82A32494500AC66B4 /* Debug */ = {
			isa = XCBuildConfiguration;
			baseConfigurationReference = C6167BFB2A3249AB00AC66B4 /* Config.xcconfig */;
			buildSettings = {
				ASSETCATALOG_COMPILER_GLOBAL_ACCENT_COLOR_NAME = AccentColor;
				ASSETCATALOG_COMPILER_WIDGET_BACKGROUND_COLOR_NAME = WidgetBackground;
				CODE_SIGN_ENTITLEMENTS = Widget/Resources/CalendarWidget.entitlements;
				CODE_SIGN_STYLE = Automatic;
				CURRENT_PROJECT_VERSION = "$(CONFIG_APP_BUNDLE_VERSION)";
				DEVELOPMENT_TEAM = YB99NQ76R5;
				GENERATE_INFOPLIST_FILE = YES;
				INFOPLIST_FILE = Widget/Resources/Info.plist;
				INFOPLIST_KEY_CFBundleDisplayName = CalendarWidget;
				INFOPLIST_KEY_NSHumanReadableCopyright = "";
				IPHONEOS_DEPLOYMENT_TARGET = 17.0;
				LD_RUNPATH_SEARCH_PATHS = (
					"$(inherited)",
					"@executable_path/Frameworks",
					"@executable_path/../../Frameworks",
				);
				"LD_RUNPATH_SEARCH_PATHS[sdk=macosx*]" = (
					"$(inherited)",
					"@executable_path/../Frameworks",
					"@executable_path/../../../../Frameworks",
				);
				MACOSX_DEPLOYMENT_TARGET = 14.0;
				MARKETING_VERSION = "$(CONFIG_APP_VERSION)";
				PRODUCT_BUNDLE_IDENTIFIER = "$(CONFIG_BUNDLE_ID).CalendarWidget";
				PRODUCT_NAME = "$(CONFIG_WIDGET_NAME)";
				SDKROOT = auto;
				SKIP_INSTALL = YES;
				SUPPORTED_PLATFORMS = "iphoneos iphonesimulator macosx";
				SWIFT_EMIT_LOC_STRINGS = YES;
				SWIFT_VERSION = 5.0;
				TARGETED_DEVICE_FAMILY = "1,2";
			};
			name = Debug;
		};
		C6167BF92A32494500AC66B4 /* Release */ = {
			isa = XCBuildConfiguration;
			baseConfigurationReference = C6167BFB2A3249AB00AC66B4 /* Config.xcconfig */;
			buildSettings = {
				ASSETCATALOG_COMPILER_GLOBAL_ACCENT_COLOR_NAME = AccentColor;
				ASSETCATALOG_COMPILER_WIDGET_BACKGROUND_COLOR_NAME = WidgetBackground;
				CODE_SIGN_ENTITLEMENTS = Widget/Resources/CalendarWidget.entitlements;
				CODE_SIGN_STYLE = Automatic;
				CURRENT_PROJECT_VERSION = "$(CONFIG_APP_BUNDLE_VERSION)";
				DEVELOPMENT_TEAM = YB99NQ76R5;
				GENERATE_INFOPLIST_FILE = YES;
				INFOPLIST_FILE = Widget/Resources/Info.plist;
				INFOPLIST_KEY_CFBundleDisplayName = CalendarWidget;
				INFOPLIST_KEY_NSHumanReadableCopyright = "";
				IPHONEOS_DEPLOYMENT_TARGET = 17.0;
				LD_RUNPATH_SEARCH_PATHS = (
					"$(inherited)",
					"@executable_path/Frameworks",
					"@executable_path/../../Frameworks",
				);
				"LD_RUNPATH_SEARCH_PATHS[sdk=macosx*]" = (
					"$(inherited)",
					"@executable_path/../Frameworks",
					"@executable_path/../../../../Frameworks",
				);
				MACOSX_DEPLOYMENT_TARGET = 14.0;
				MARKETING_VERSION = "$(CONFIG_APP_VERSION)";
				PRODUCT_BUNDLE_IDENTIFIER = "$(CONFIG_BUNDLE_ID).CalendarWidget";
				PRODUCT_NAME = "$(CONFIG_WIDGET_NAME)";
				SDKROOT = auto;
				SKIP_INSTALL = YES;
				SUPPORTED_PLATFORMS = "iphoneos iphonesimulator macosx";
				SWIFT_EMIT_LOC_STRINGS = YES;
				SWIFT_VERSION = 5.0;
				TARGETED_DEVICE_FAMILY = "1,2";
			};
			name = Release;
		};
/* End XCBuildConfiguration section */

/* Begin XCConfigurationList section */
		C6167BCA2A32491400AC66B4 /* Build configuration list for PBXProject "JalaliCalendar" */ = {
			isa = XCConfigurationList;
			buildConfigurations = (
				C6167BDC2A32491500AC66B4 /* Debug */,
				C6167BDD2A32491500AC66B4 /* Release */,
			);
			defaultConfigurationIsVisible = 0;
			defaultConfigurationName = Release;
		};
		C6167BDE2A32491500AC66B4 /* Build configuration list for PBXNativeTarget "JalaliCalendar" */ = {
			isa = XCConfigurationList;
			buildConfigurations = (
				C6167BDF2A32491500AC66B4 /* Debug */,
				C6167BE02A32491500AC66B4 /* Release */,
			);
			defaultConfigurationIsVisible = 0;
			defaultConfigurationName = Release;
		};
		C6167BF72A32494500AC66B4 /* Build configuration list for PBXNativeTarget "CalendarWidgetExtension" */ = {
			isa = XCConfigurationList;
			buildConfigurations = (
				C6167BF82A32494500AC66B4 /* Debug */,
				C6167BF92A32494500AC66B4 /* Release */,
			);
			defaultConfigurationIsVisible = 0;
			defaultConfigurationName = Release;
		};
/* End XCConfigurationList section */
	};
	rootObject = C6167BC72A32491400AC66B4 /* Project object */;
}
